// !$*UTF8*$!
{
	archiveVersion = 1;
	classes = {
	};
	objectVersion = 46;
	objects = {

/* Begin PBXBuildFile section */
		E40C916A1CA1665500F40EF5 /* site10a_tn.png in Resources */ = {isa = PBXBuildFile; fileRef = E40C912E1CA1665500F40EF5 /* site10a_tn.png */; };
		E40C916B1CA1665500F40EF5 /* site10a_tn@2x.png in Resources */ = {isa = PBXBuildFile; fileRef = E40C912F1CA1665500F40EF5 /* site10a_tn@2x.png */; };
		E40C916C1CA1665500F40EF5 /* site11a_tn.png in Resources */ = {isa = PBXBuildFile; fileRef = E40C91301CA1665500F40EF5 /* site11a_tn.png */; };
		E40C916D1CA1665500F40EF5 /* site11a_tn@2x.png in Resources */ = {isa = PBXBuildFile; fileRef = E40C91311CA1665500F40EF5 /* site11a_tn@2x.png */; };
		E40C916E1CA1665500F40EF5 /* site12b_tn.png in Resources */ = {isa = PBXBuildFile; fileRef = E40C91321CA1665500F40EF5 /* site12b_tn.png */; };
		E40C916F1CA1665500F40EF5 /* site12b_tn@2x.png in Resources */ = {isa = PBXBuildFile; fileRef = E40C91331CA1665500F40EF5 /* site12b_tn@2x.png */; };
		E40C91701CA1665500F40EF5 /* site13a_tn.png in Resources */ = {isa = PBXBuildFile; fileRef = E40C91341CA1665500F40EF5 /* site13a_tn.png */; };
		E40C91711CA1665500F40EF5 /* site13a_tn@2x.png in Resources */ = {isa = PBXBuildFile; fileRef = E40C91351CA1665500F40EF5 /* site13a_tn@2x.png */; };
		E40C91721CA1665500F40EF5 /* site14a_tn.png in Resources */ = {isa = PBXBuildFile; fileRef = E40C91361CA1665500F40EF5 /* site14a_tn.png */; };
		E40C91731CA1665500F40EF5 /* site14a_tn@2x.png in Resources */ = {isa = PBXBuildFile; fileRef = E40C91371CA1665500F40EF5 /* site14a_tn@2x.png */; };
		E40C91741CA1665500F40EF5 /* site15a_tn.png in Resources */ = {isa = PBXBuildFile; fileRef = E40C91381CA1665500F40EF5 /* site15a_tn.png */; };
		E40C91751CA1665500F40EF5 /* site15a_tn@2x.png in Resources */ = {isa = PBXBuildFile; fileRef = E40C91391CA1665500F40EF5 /* site15a_tn@2x.png */; };
		E40C91761CA1665500F40EF5 /* site16a_tn.png in Resources */ = {isa = PBXBuildFile; fileRef = E40C913A1CA1665500F40EF5 /* site16a_tn.png */; };
		E40C91771CA1665500F40EF5 /* site16a_tn@2x.png in Resources */ = {isa = PBXBuildFile; fileRef = E40C913B1CA1665500F40EF5 /* site16a_tn@2x.png */; };
		E40C91781CA1665500F40EF5 /* site17a_tn.png in Resources */ = {isa = PBXBuildFile; fileRef = E40C913C1CA1665500F40EF5 /* site17a_tn.png */; };
		E40C91791CA1665500F40EF5 /* site17a_tn@2x.png in Resources */ = {isa = PBXBuildFile; fileRef = E40C913D1CA1665500F40EF5 /* site17a_tn@2x.png */; };
		E40C917A1CA1665500F40EF5 /* site18a_tn.png in Resources */ = {isa = PBXBuildFile; fileRef = E40C913E1CA1665500F40EF5 /* site18a_tn.png */; };
		E40C917B1CA1665500F40EF5 /* site18a_tn@2x.png in Resources */ = {isa = PBXBuildFile; fileRef = E40C913F1CA1665500F40EF5 /* site18a_tn@2x.png */; };
		E40C917C1CA1665500F40EF5 /* site19a_tn.png in Resources */ = {isa = PBXBuildFile; fileRef = E40C91401CA1665500F40EF5 /* site19a_tn.png */; };
		E40C917D1CA1665500F40EF5 /* site19a_tn@2x.png in Resources */ = {isa = PBXBuildFile; fileRef = E40C91411CA1665500F40EF5 /* site19a_tn@2x.png */; };
		E40C917E1CA1665500F40EF5 /* site1b_tn.png in Resources */ = {isa = PBXBuildFile; fileRef = E40C91421CA1665500F40EF5 /* site1b_tn.png */; };
		E40C917F1CA1665500F40EF5 /* site1b_tn@2x.png in Resources */ = {isa = PBXBuildFile; fileRef = E40C91431CA1665500F40EF5 /* site1b_tn@2x.png */; };
		E40C91801CA1665500F40EF5 /* site20a_tn.png in Resources */ = {isa = PBXBuildFile; fileRef = E40C91441CA1665500F40EF5 /* site20a_tn.png */; };
		E40C91811CA1665500F40EF5 /* site20a_tn@2x.png in Resources */ = {isa = PBXBuildFile; fileRef = E40C91451CA1665500F40EF5 /* site20a_tn@2x.png */; };
		E40C91821CA1665500F40EF5 /* site21a_tn.png in Resources */ = {isa = PBXBuildFile; fileRef = E40C91461CA1665500F40EF5 /* site21a_tn.png */; };
		E40C91831CA1665500F40EF5 /* site21a_tn@2x.png in Resources */ = {isa = PBXBuildFile; fileRef = E40C91471CA1665500F40EF5 /* site21a_tn@2x.png */; };
		E40C91841CA1665500F40EF5 /* site22a_tn.png in Resources */ = {isa = PBXBuildFile; fileRef = E40C91481CA1665500F40EF5 /* site22a_tn.png */; };
		E40C91851CA1665500F40EF5 /* site22a_tn@2x.png in Resources */ = {isa = PBXBuildFile; fileRef = E40C91491CA1665500F40EF5 /* site22a_tn@2x.png */; };
		E40C91861CA1665500F40EF5 /* site23a_tn.png in Resources */ = {isa = PBXBuildFile; fileRef = E40C914A1CA1665500F40EF5 /* site23a_tn.png */; };
		E40C91871CA1665500F40EF5 /* site23a_tn@2x.png in Resources */ = {isa = PBXBuildFile; fileRef = E40C914B1CA1665500F40EF5 /* site23a_tn@2x.png */; };
		E40C91881CA1665500F40EF5 /* site24b_tn.png in Resources */ = {isa = PBXBuildFile; fileRef = E40C914C1CA1665500F40EF5 /* site24b_tn.png */; };
		E40C91891CA1665500F40EF5 /* site24b_tn@2x.png in Resources */ = {isa = PBXBuildFile; fileRef = E40C914D1CA1665500F40EF5 /* site24b_tn@2x.png */; };
		E40C918A1CA1665500F40EF5 /* site25a_tn.png in Resources */ = {isa = PBXBuildFile; fileRef = E40C914E1CA1665500F40EF5 /* site25a_tn.png */; };
		E40C918B1CA1665500F40EF5 /* site25a_tn@2x.png in Resources */ = {isa = PBXBuildFile; fileRef = E40C914F1CA1665500F40EF5 /* site25a_tn@2x.png */; };
		E40C918C1CA1665500F40EF5 /* site26a_tn.png in Resources */ = {isa = PBXBuildFile; fileRef = E40C91501CA1665500F40EF5 /* site26a_tn.png */; };
		E40C918D1CA1665500F40EF5 /* site26a_tn@2x.png in Resources */ = {isa = PBXBuildFile; fileRef = E40C91511CA1665500F40EF5 /* site26a_tn@2x.png */; };
		E40C918E1CA1665500F40EF5 /* site27a_tn.png in Resources */ = {isa = PBXBuildFile; fileRef = E40C91521CA1665500F40EF5 /* site27a_tn.png */; };
		E40C918F1CA1665500F40EF5 /* site27a_tn@2x.png in Resources */ = {isa = PBXBuildFile; fileRef = E40C91531CA1665500F40EF5 /* site27a_tn@2x.png */; };
		E40C91901CA1665500F40EF5 /* site27d_tn.png in Resources */ = {isa = PBXBuildFile; fileRef = E40C91541CA1665500F40EF5 /* site27d_tn.png */; };
		E40C91911CA1665500F40EF5 /* site27d_tn@2x.png in Resources */ = {isa = PBXBuildFile; fileRef = E40C91551CA1665500F40EF5 /* site27d_tn@2x.png */; };
		E40C91921CA1665500F40EF5 /* site27e_tn.png in Resources */ = {isa = PBXBuildFile; fileRef = E40C91561CA1665500F40EF5 /* site27e_tn.png */; };
		E40C91931CA1665500F40EF5 /* site27e_tn@2x.png in Resources */ = {isa = PBXBuildFile; fileRef = E40C91571CA1665500F40EF5 /* site27e_tn@2x.png */; };
		E40C91941CA1665500F40EF5 /* site28a_tn.png in Resources */ = {isa = PBXBuildFile; fileRef = E40C91581CA1665500F40EF5 /* site28a_tn.png */; };
		E40C91951CA1665500F40EF5 /* site28a_tn@2x.png in Resources */ = {isa = PBXBuildFile; fileRef = E40C91591CA1665500F40EF5 /* site28a_tn@2x.png */; };
		E40C91961CA1665500F40EF5 /* site2a_tn.png in Resources */ = {isa = PBXBuildFile; fileRef = E40C915A1CA1665500F40EF5 /* site2a_tn.png */; };
		E40C91971CA1665500F40EF5 /* site2a_tn@2x.png in Resources */ = {isa = PBXBuildFile; fileRef = E40C915B1CA1665500F40EF5 /* site2a_tn@2x.png */; };
		E40C91981CA1665500F40EF5 /* site3d_tn.png in Resources */ = {isa = PBXBuildFile; fileRef = E40C915C1CA1665500F40EF5 /* site3d_tn.png */; };
		E40C91991CA1665500F40EF5 /* site3d_tn@2x.png in Resources */ = {isa = PBXBuildFile; fileRef = E40C915D1CA1665500F40EF5 /* site3d_tn@2x.png */; };
		E40C919A1CA1665500F40EF5 /* site4a_tn.png in Resources */ = {isa = PBXBuildFile; fileRef = E40C915E1CA1665500F40EF5 /* site4a_tn.png */; };
		E40C919B1CA1665500F40EF5 /* site4a_tn@2x.png in Resources */ = {isa = PBXBuildFile; fileRef = E40C915F1CA1665500F40EF5 /* site4a_tn@2x.png */; };
		E40C919C1CA1665500F40EF5 /* site5a_tn.png in Resources */ = {isa = PBXBuildFile; fileRef = E40C91601CA1665500F40EF5 /* site5a_tn.png */; };
		E40C919D1CA1665500F40EF5 /* site5a_tn@2x.png in Resources */ = {isa = PBXBuildFile; fileRef = E40C91611CA1665500F40EF5 /* site5a_tn@2x.png */; };
		E40C919E1CA1665500F40EF5 /* site6a_tn.png in Resources */ = {isa = PBXBuildFile; fileRef = E40C91621CA1665500F40EF5 /* site6a_tn.png */; };
		E40C91A01CA1665500F40EF5 /* site7a_tn.png in Resources */ = {isa = PBXBuildFile; fileRef = E40C91641CA1665500F40EF5 /* site7a_tn.png */; };
		E40C91A11CA1665500F40EF5 /* site7a_tn@2x.png in Resources */ = {isa = PBXBuildFile; fileRef = E40C91651CA1665500F40EF5 /* site7a_tn@2x.png */; };
		E40C91A21CA1665500F40EF5 /* site8a_tn.png in Resources */ = {isa = PBXBuildFile; fileRef = E40C91661CA1665500F40EF5 /* site8a_tn.png */; };
		E40C91A31CA1665500F40EF5 /* site8a_tn@2x.png in Resources */ = {isa = PBXBuildFile; fileRef = E40C91671CA1665500F40EF5 /* site8a_tn@2x.png */; };
		E40C91A41CA1665500F40EF5 /* site9a_tn.png in Resources */ = {isa = PBXBuildFile; fileRef = E40C91681CA1665500F40EF5 /* site9a_tn.png */; };
		E40C91A51CA1665500F40EF5 /* site9a_tn@2x.png in Resources */ = {isa = PBXBuildFile; fileRef = E40C91691CA1665500F40EF5 /* site9a_tn@2x.png */; };
		E40C91A91CA1A13000F40EF5 /* site29a_tn@2x.png in Resources */ = {isa = PBXBuildFile; fileRef = E40C91A71CA1A13000F40EF5 /* site29a_tn@2x.png */; };
		E40C91AD1CA4DCED00F40EF5 /* site6a_tn@2x.png in Resources */ = {isa = PBXBuildFile; fileRef = E40C91AC1CA4DCED00F40EF5 /* site6a_tn@2x.png */; };
		E40C91AF1CA54E8B00F40EF5 /* site29a_tn.png in Resources */ = {isa = PBXBuildFile; fileRef = E40C91AE1CA54E8B00F40EF5 /* site29a_tn.png */; };
		E40C91B11CA8A9A800F40EF5 /* site4b.jpg in Resources */ = {isa = PBXBuildFile; fileRef = E40C91B01CA8A9A800F40EF5 /* site4b.jpg */; };
		E40C91B41CA8C01500F40EF5 /* site27d.jpg in Resources */ = {isa = PBXBuildFile; fileRef = E40C91B21CA8C01500F40EF5 /* site27d.jpg */; };
		E40C91B51CA8C01500F40EF5 /* site27e.jpg in Resources */ = {isa = PBXBuildFile; fileRef = E40C91B31CA8C01500F40EF5 /* site27e.jpg */; };
		E40C91B71CA98EAE00F40EF5 /* site1a.jpg in Resources */ = {isa = PBXBuildFile; fileRef = E40C91B61CA98EAE00F40EF5 /* site1a.jpg */; };
		E40C91C11CA996FA00F40EF5 /* site1b.jpg in Resources */ = {isa = PBXBuildFile; fileRef = E40C91B81CA996FA00F40EF5 /* site1b.jpg */; };
		E40C91C21CA996FA00F40EF5 /* site1c.jpg in Resources */ = {isa = PBXBuildFile; fileRef = E40C91B91CA996FA00F40EF5 /* site1c.jpg */; };
		E40C91C31CA996FA00F40EF5 /* site1d.jpg in Resources */ = {isa = PBXBuildFile; fileRef = E40C91BA1CA996FA00F40EF5 /* site1d.jpg */; };
		E40C91C41CA996FA00F40EF5 /* site2a.jpg in Resources */ = {isa = PBXBuildFile; fileRef = E40C91BB1CA996FA00F40EF5 /* site2a.jpg */; };
		E40C91C51CA996FA00F40EF5 /* site3a.jpg in Resources */ = {isa = PBXBuildFile; fileRef = E40C91BC1CA996FA00F40EF5 /* site3a.jpg */; };
		E40C91C61CA996FA00F40EF5 /* site3b.jpg in Resources */ = {isa = PBXBuildFile; fileRef = E40C91BD1CA996FA00F40EF5 /* site3b.jpg */; };
		E40C91C71CA996FA00F40EF5 /* site3c.jpg in Resources */ = {isa = PBXBuildFile; fileRef = E40C91BE1CA996FA00F40EF5 /* site3c.jpg */; };
		E40C91C81CA996FA00F40EF5 /* site3d.jpg in Resources */ = {isa = PBXBuildFile; fileRef = E40C91BF1CA996FA00F40EF5 /* site3d.jpg */; };
		E40C91C91CA996FA00F40EF5 /* site3e.jpg in Resources */ = {isa = PBXBuildFile; fileRef = E40C91C01CA996FA00F40EF5 /* site3e.jpg */; };
		E411EC171C49879A0081AB9B /* CottontownTabBarController.swift in Sources */ = {isa = PBXBuildFile; fileRef = E411EC161C49879A0081AB9B /* CottontownTabBarController.swift */; };
		E411EC1B1C49CBE20081AB9B /* StopsSplitViewController.swift in Sources */ = {isa = PBXBuildFile; fileRef = E411EC1A1C49CBE20081AB9B /* StopsSplitViewController.swift */; };
		E411EC1D1C4B0D370081AB9B /* CoreLocation.framework in Frameworks */ = {isa = PBXBuildFile; fileRef = E411EC1C1C4B0D370081AB9B /* CoreLocation.framework */; };
		E411EC211C4B29200081AB9B /* Notificatons.swift in Sources */ = {isa = PBXBuildFile; fileRef = E411EC201C4B29200081AB9B /* Notificatons.swift */; };
		E419ED3B1C1C6AAA00164E25 /* AppDelegate.swift in Sources */ = {isa = PBXBuildFile; fileRef = E419ED3A1C1C6AAA00164E25 /* AppDelegate.swift */; };
		E419ED3D1C1C6AAA00164E25 /* StopsTableViewController.swift in Sources */ = {isa = PBXBuildFile; fileRef = E419ED3C1C1C6AAA00164E25 /* StopsTableViewController.swift */; };
		E419ED421C1C6AAA00164E25 /* Main.storyboard in Resources */ = {isa = PBXBuildFile; fileRef = E419ED401C1C6AAA00164E25 /* Main.storyboard */; };
		E419ED441C1C6AAA00164E25 /* Assets.xcassets in Resources */ = {isa = PBXBuildFile; fileRef = E419ED431C1C6AAA00164E25 /* Assets.xcassets */; };
		E419ED471C1C6AAA00164E25 /* LaunchScreen.storyboard in Resources */ = {isa = PBXBuildFile; fileRef = E419ED451C1C6AAA00164E25 /* LaunchScreen.storyboard */; };
		E419ED4F1C1CC5BD00164E25 /* Stops.plist in Resources */ = {isa = PBXBuildFile; fileRef = E419ED4E1C1CC5BD00164E25 /* Stops.plist */; };
		E419ED511C1CD14100164E25 /* StopCell.swift in Sources */ = {isa = PBXBuildFile; fileRef = E419ED501C1CD14100164E25 /* StopCell.swift */; };
		E43CA0E91C8FC5180051139B /* site4a.jpg in Resources */ = {isa = PBXBuildFile; fileRef = E43CA0BA1C8FC5180051139B /* site4a.jpg */; };
		E43CA0EA1C8FC5180051139B /* site5a.jpg in Resources */ = {isa = PBXBuildFile; fileRef = E43CA0BB1C8FC5180051139B /* site5a.jpg */; };
		E43CA0EB1C8FC5180051139B /* site6a.jpg in Resources */ = {isa = PBXBuildFile; fileRef = E43CA0BC1C8FC5180051139B /* site6a.jpg */; };
		E43CA0EC1C8FC5180051139B /* site7a.jpg in Resources */ = {isa = PBXBuildFile; fileRef = E43CA0BD1C8FC5180051139B /* site7a.jpg */; };
		E43CA0ED1C8FC5180051139B /* site8a.jpg in Resources */ = {isa = PBXBuildFile; fileRef = E43CA0BE1C8FC5180051139B /* site8a.jpg */; };
		E43CA0EE1C8FC5180051139B /* site9a.jpg in Resources */ = {isa = PBXBuildFile; fileRef = E43CA0BF1C8FC5180051139B /* site9a.jpg */; };
		E43CA0EF1C8FC5180051139B /* site10a.jpg in Resources */ = {isa = PBXBuildFile; fileRef = E43CA0C01C8FC5180051139B /* site10a.jpg */; };
		E43CA0F01C8FC5180051139B /* site10b.jpg in Resources */ = {isa = PBXBuildFile; fileRef = E43CA0C11C8FC5180051139B /* site10b.jpg */; };
		E43CA0F11C8FC5180051139B /* site11a.jpg in Resources */ = {isa = PBXBuildFile; fileRef = E43CA0C21C8FC5180051139B /* site11a.jpg */; };
		E43CA0F21C8FC5180051139B /* site12a.jpg in Resources */ = {isa = PBXBuildFile; fileRef = E43CA0C31C8FC5180051139B /* site12a.jpg */; };
		E43CA0F31C8FC5180051139B /* site12b.jpg in Resources */ = {isa = PBXBuildFile; fileRef = E43CA0C41C8FC5180051139B /* site12b.jpg */; };
		E43CA0F41C8FC5180051139B /* site12c.jpg in Resources */ = {isa = PBXBuildFile; fileRef = E43CA0C51C8FC5180051139B /* site12c.jpg */; };
		E43CA0F51C8FC5180051139B /* site13a.jpg in Resources */ = {isa = PBXBuildFile; fileRef = E43CA0C61C8FC5180051139B /* site13a.jpg */; };
		E43CA0F61C8FC5180051139B /* site13b.jpg in Resources */ = {isa = PBXBuildFile; fileRef = E43CA0C71C8FC5180051139B /* site13b.jpg */; };
		E43CA0F71C8FC5180051139B /* site14a.jpg in Resources */ = {isa = PBXBuildFile; fileRef = E43CA0C81C8FC5180051139B /* site14a.jpg */; };
		E43CA0F81C8FC5180051139B /* site15a.jpg in Resources */ = {isa = PBXBuildFile; fileRef = E43CA0C91C8FC5180051139B /* site15a.jpg */; };
		E43CA0F91C8FC5180051139B /* site16a.jpg in Resources */ = {isa = PBXBuildFile; fileRef = E43CA0CA1C8FC5180051139B /* site16a.jpg */; };
		E43CA0FA1C8FC5180051139B /* site17a.jpg in Resources */ = {isa = PBXBuildFile; fileRef = E43CA0CB1C8FC5180051139B /* site17a.jpg */; };
		E43CA0FB1C8FC5180051139B /* site18a.jpg in Resources */ = {isa = PBXBuildFile; fileRef = E43CA0CC1C8FC5180051139B /* site18a.jpg */; };
		E43CA0FC1C8FC5180051139B /* site19a.jpg in Resources */ = {isa = PBXBuildFile; fileRef = E43CA0CD1C8FC5180051139B /* site19a.jpg */; };
		E43CA0FD1C8FC5180051139B /* site19b.jpg in Resources */ = {isa = PBXBuildFile; fileRef = E43CA0CE1C8FC5180051139B /* site19b.jpg */; };
		E43CA0FE1C8FC5180051139B /* site19c.jpg in Resources */ = {isa = PBXBuildFile; fileRef = E43CA0CF1C8FC5180051139B /* site19c.jpg */; };
		E43CA0FF1C8FC5180051139B /* site20a.jpg in Resources */ = {isa = PBXBuildFile; fileRef = E43CA0D01C8FC5180051139B /* site20a.jpg */; };
		E43CA1001C8FC5180051139B /* site21a.jpg in Resources */ = {isa = PBXBuildFile; fileRef = E43CA0D11C8FC5180051139B /* site21a.jpg */; };
		E43CA1011C8FC5180051139B /* site22a.jpg in Resources */ = {isa = PBXBuildFile; fileRef = E43CA0D21C8FC5180051139B /* site22a.jpg */; };
		E43CA1021C8FC5180051139B /* site23a.jpg in Resources */ = {isa = PBXBuildFile; fileRef = E43CA0D31C8FC5180051139B /* site23a.jpg */; };
		E43CA1031C8FC5180051139B /* site24a.jpg in Resources */ = {isa = PBXBuildFile; fileRef = E43CA0D41C8FC5180051139B /* site24a.jpg */; };
		E43CA1041C8FC5180051139B /* site24b.jpg in Resources */ = {isa = PBXBuildFile; fileRef = E43CA0D51C8FC5180051139B /* site24b.jpg */; };
		E43CA1051C8FC5180051139B /* site24c.jpg in Resources */ = {isa = PBXBuildFile; fileRef = E43CA0D61C8FC5180051139B /* site24c.jpg */; };
		E43CA1061C8FC5180051139B /* site25a.jpg in Resources */ = {isa = PBXBuildFile; fileRef = E43CA0D71C8FC5180051139B /* site25a.jpg */; };
		E43CA1071C8FC5180051139B /* site25b.jpg in Resources */ = {isa = PBXBuildFile; fileRef = E43CA0D81C8FC5180051139B /* site25b.jpg */; };
		E43CA1081C8FC5180051139B /* site25c.jpg in Resources */ = {isa = PBXBuildFile; fileRef = E43CA0D91C8FC5180051139B /* site25c.jpg */; };
		E43CA1091C8FC5180051139B /* site26a.jpg in Resources */ = {isa = PBXBuildFile; fileRef = E43CA0DA1C8FC5180051139B /* site26a.jpg */; };
		E43CA10A1C8FC5180051139B /* site27a.jpg in Resources */ = {isa = PBXBuildFile; fileRef = E43CA0DB1C8FC5180051139B /* site27a.jpg */; };
		E43CA10B1C8FC5180051139B /* site27b.jpg in Resources */ = {isa = PBXBuildFile; fileRef = E43CA0DC1C8FC5180051139B /* site27b.jpg */; };
		E43CA10C1C8FC5180051139B /* site27c.jpg in Resources */ = {isa = PBXBuildFile; fileRef = E43CA0DD1C8FC5180051139B /* site27c.jpg */; };
		E43CA10D1C8FC5180051139B /* site28a.jpg in Resources */ = {isa = PBXBuildFile; fileRef = E43CA0DE1C8FC5180051139B /* site28a.jpg */; };
		E43CA11B1C8FCAAC0051139B /* MobileCoreServices.framework in Frameworks */ = {isa = PBXBuildFile; fileRef = E43CA11A1C8FCAAC0051139B /* MobileCoreServices.framework */; };
		E43CA11F1C9136590051139B /* site29a.jpg in Resources */ = {isa = PBXBuildFile; fileRef = E43CA11C1C9136590051139B /* site29a.jpg */; };
		E43CA1201C9136590051139B /* site29b.jpg in Resources */ = {isa = PBXBuildFile; fileRef = E43CA11D1C9136590051139B /* site29b.jpg */; };
		E43CA1211C9136590051139B /* site30a.jpg in Resources */ = {isa = PBXBuildFile; fileRef = E43CA11E1C9136590051139B /* site30a.jpg */; };
		E442584E1C27979B0041A5B4 /* PictureContentViewController.swift in Sources */ = {isa = PBXBuildFile; fileRef = E442584D1C27979B0041A5B4 /* PictureContentViewController.swift */; };
		E44258501C2798640041A5B4 /* StopPageViewController.swift in Sources */ = {isa = PBXBuildFile; fileRef = E442584F1C2798640041A5B4 /* StopPageViewController.swift */; };
		E44258521C2A2BEF0041A5B4 /* Stop.swift in Sources */ = {isa = PBXBuildFile; fileRef = E44258511C2A2BEF0041A5B4 /* Stop.swift */; };
		E45BA7601C38C20900454CF7 /* StopAnnotation.swift in Sources */ = {isa = PBXBuildFile; fileRef = E45BA75F1C38C20900454CF7 /* StopAnnotation.swift */; };
		E45F21731C46F10D00A9E743 /* ContentImage.swift in Sources */ = {isa = PBXBuildFile; fileRef = E45F21721C46F10D00A9E743 /* ContentImage.swift */; };
		E4624FC81C2F8A4E003023A1 /* MapKit.framework in Frameworks */ = {isa = PBXBuildFile; fileRef = E4624FC71C2F8A4E003023A1 /* MapKit.framework */; };
		E4624FCC1C30C76A003023A1 /* MapSplitViewController.swift in Sources */ = {isa = PBXBuildFile; fileRef = E4624FCB1C30C76A003023A1 /* MapSplitViewController.swift */; };
		E4624FCE1C3213C6003023A1 /* StopsModel.swift in Sources */ = {isa = PBXBuildFile; fileRef = E4624FCD1C3213C6003023A1 /* StopsModel.swift */; };
		E4624FD21C3231C8003023A1 /* MapPageViewController.swift in Sources */ = {isa = PBXBuildFile; fileRef = E4624FD11C3231C8003023A1 /* MapPageViewController.swift */; };
		E4624FD41C323354003023A1 /* MapViewController.swift in Sources */ = {isa = PBXBuildFile; fileRef = E4624FD31C323354003023A1 /* MapViewController.swift */; };
		E463ACD51C89F12D00B68973 /* YouTubeContentViewController.swift in Sources */ = {isa = PBXBuildFile; fileRef = E463ACD41C89F12D00B68973 /* YouTubeContentViewController.swift */; };
		E463AD1D1C8A62F900B68973 /* Assets.bundle in Resources */ = {isa = PBXBuildFile; fileRef = E463AD191C8A62F900B68973 /* Assets.bundle */; };
		E463AD1E1C8A62F900B68973 /* YTPlayerView.m in Sources */ = {isa = PBXBuildFile; fileRef = E463AD1C1C8A62F900B68973 /* YTPlayerView.m */; };
		E471CEAE1C74243400214EFF /* Settings.bundle in Resources */ = {isa = PBXBuildFile; fileRef = E471CEAD1C74243400214EFF /* Settings.bundle */; };
		E472B5F61C87C463003FFBCA /* WebViewController.swift in Sources */ = {isa = PBXBuildFile; fileRef = E472B5F51C87C463003FFBCA /* WebViewController.swift */; };
		E4D8E8271C7BFB7D00A17BB2 /* SystemConfiguration.framework in Frameworks */ = {isa = PBXBuildFile; fileRef = E4D8E8261C7BFB7D00A17BB2 /* SystemConfiguration.framework */; };
		E4D8E8291C7BFBE200A17BB2 /* OneSignal.framework in Frameworks */ = {isa = PBXBuildFile; fileRef = E4D8E8281C7BFBE200A17BB2 /* OneSignal.framework */; };
		E4D8E82C1C83146700A17BB2 /* Protocols.swift in Sources */ = {isa = PBXBuildFile; fileRef = E4D8E82B1C83146700A17BB2 /* Protocols.swift */; };
		E4E3F2251C8F2497006456AB /* ImageIO.framework in Frameworks */ = {isa = PBXBuildFile; fileRef = E4E3F2241C8F2497006456AB /* ImageIO.framework */; };
/* End PBXBuildFile section */

/* Begin PBXFileReference section */
		E40C912E1CA1665500F40EF5 /* site10a_tn.png */ = {isa = PBXFileReference; lastKnownFileType = image.png; path = site10a_tn.png; sourceTree = "<group>"; };
		E40C912F1CA1665500F40EF5 /* site10a_tn@2x.png */ = {isa = PBXFileReference; lastKnownFileType = image.png; path = "site10a_tn@2x.png"; sourceTree = "<group>"; };
		E40C91301CA1665500F40EF5 /* site11a_tn.png */ = {isa = PBXFileReference; lastKnownFileType = image.png; path = site11a_tn.png; sourceTree = "<group>"; };
		E40C91311CA1665500F40EF5 /* site11a_tn@2x.png */ = {isa = PBXFileReference; lastKnownFileType = image.png; path = "site11a_tn@2x.png"; sourceTree = "<group>"; };
		E40C91321CA1665500F40EF5 /* site12b_tn.png */ = {isa = PBXFileReference; lastKnownFileType = image.png; path = site12b_tn.png; sourceTree = "<group>"; };
		E40C91331CA1665500F40EF5 /* site12b_tn@2x.png */ = {isa = PBXFileReference; lastKnownFileType = image.png; path = "site12b_tn@2x.png"; sourceTree = "<group>"; };
		E40C91341CA1665500F40EF5 /* site13a_tn.png */ = {isa = PBXFileReference; lastKnownFileType = image.png; path = site13a_tn.png; sourceTree = "<group>"; };
		E40C91351CA1665500F40EF5 /* site13a_tn@2x.png */ = {isa = PBXFileReference; lastKnownFileType = image.png; path = "site13a_tn@2x.png"; sourceTree = "<group>"; };
		E40C91361CA1665500F40EF5 /* site14a_tn.png */ = {isa = PBXFileReference; lastKnownFileType = image.png; path = site14a_tn.png; sourceTree = "<group>"; };
		E40C91371CA1665500F40EF5 /* site14a_tn@2x.png */ = {isa = PBXFileReference; lastKnownFileType = image.png; path = "site14a_tn@2x.png"; sourceTree = "<group>"; };
		E40C91381CA1665500F40EF5 /* site15a_tn.png */ = {isa = PBXFileReference; lastKnownFileType = image.png; path = site15a_tn.png; sourceTree = "<group>"; };
		E40C91391CA1665500F40EF5 /* site15a_tn@2x.png */ = {isa = PBXFileReference; lastKnownFileType = image.png; path = "site15a_tn@2x.png"; sourceTree = "<group>"; };
		E40C913A1CA1665500F40EF5 /* site16a_tn.png */ = {isa = PBXFileReference; lastKnownFileType = image.png; path = site16a_tn.png; sourceTree = "<group>"; };
		E40C913B1CA1665500F40EF5 /* site16a_tn@2x.png */ = {isa = PBXFileReference; lastKnownFileType = image.png; path = "site16a_tn@2x.png"; sourceTree = "<group>"; };
		E40C913C1CA1665500F40EF5 /* site17a_tn.png */ = {isa = PBXFileReference; lastKnownFileType = image.png; path = site17a_tn.png; sourceTree = "<group>"; };
		E40C913D1CA1665500F40EF5 /* site17a_tn@2x.png */ = {isa = PBXFileReference; lastKnownFileType = image.png; path = "site17a_tn@2x.png"; sourceTree = "<group>"; };
		E40C913E1CA1665500F40EF5 /* site18a_tn.png */ = {isa = PBXFileReference; lastKnownFileType = image.png; path = site18a_tn.png; sourceTree = "<group>"; };
		E40C913F1CA1665500F40EF5 /* site18a_tn@2x.png */ = {isa = PBXFileReference; lastKnownFileType = image.png; path = "site18a_tn@2x.png"; sourceTree = "<group>"; };
		E40C91401CA1665500F40EF5 /* site19a_tn.png */ = {isa = PBXFileReference; lastKnownFileType = image.png; path = site19a_tn.png; sourceTree = "<group>"; };
		E40C91411CA1665500F40EF5 /* site19a_tn@2x.png */ = {isa = PBXFileReference; lastKnownFileType = image.png; path = "site19a_tn@2x.png"; sourceTree = "<group>"; };
		E40C91421CA1665500F40EF5 /* site1b_tn.png */ = {isa = PBXFileReference; lastKnownFileType = image.png; path = site1b_tn.png; sourceTree = "<group>"; };
		E40C91431CA1665500F40EF5 /* site1b_tn@2x.png */ = {isa = PBXFileReference; lastKnownFileType = image.png; path = "site1b_tn@2x.png"; sourceTree = "<group>"; };
		E40C91441CA1665500F40EF5 /* site20a_tn.png */ = {isa = PBXFileReference; lastKnownFileType = image.png; path = site20a_tn.png; sourceTree = "<group>"; };
		E40C91451CA1665500F40EF5 /* site20a_tn@2x.png */ = {isa = PBXFileReference; lastKnownFileType = image.png; path = "site20a_tn@2x.png"; sourceTree = "<group>"; };
		E40C91461CA1665500F40EF5 /* site21a_tn.png */ = {isa = PBXFileReference; lastKnownFileType = image.png; path = site21a_tn.png; sourceTree = "<group>"; };
		E40C91471CA1665500F40EF5 /* site21a_tn@2x.png */ = {isa = PBXFileReference; lastKnownFileType = image.png; path = "site21a_tn@2x.png"; sourceTree = "<group>"; };
		E40C91481CA1665500F40EF5 /* site22a_tn.png */ = {isa = PBXFileReference; lastKnownFileType = image.png; path = site22a_tn.png; sourceTree = "<group>"; };
		E40C91491CA1665500F40EF5 /* site22a_tn@2x.png */ = {isa = PBXFileReference; lastKnownFileType = image.png; path = "site22a_tn@2x.png"; sourceTree = "<group>"; };
		E40C914A1CA1665500F40EF5 /* site23a_tn.png */ = {isa = PBXFileReference; lastKnownFileType = image.png; path = site23a_tn.png; sourceTree = "<group>"; };
		E40C914B1CA1665500F40EF5 /* site23a_tn@2x.png */ = {isa = PBXFileReference; lastKnownFileType = image.png; path = "site23a_tn@2x.png"; sourceTree = "<group>"; };
		E40C914C1CA1665500F40EF5 /* site24b_tn.png */ = {isa = PBXFileReference; lastKnownFileType = image.png; path = site24b_tn.png; sourceTree = "<group>"; };
		E40C914D1CA1665500F40EF5 /* site24b_tn@2x.png */ = {isa = PBXFileReference; lastKnownFileType = image.png; path = "site24b_tn@2x.png"; sourceTree = "<group>"; };
		E40C914E1CA1665500F40EF5 /* site25a_tn.png */ = {isa = PBXFileReference; lastKnownFileType = image.png; path = site25a_tn.png; sourceTree = "<group>"; };
		E40C914F1CA1665500F40EF5 /* site25a_tn@2x.png */ = {isa = PBXFileReference; lastKnownFileType = image.png; path = "site25a_tn@2x.png"; sourceTree = "<group>"; };
		E40C91501CA1665500F40EF5 /* site26a_tn.png */ = {isa = PBXFileReference; lastKnownFileType = image.png; path = site26a_tn.png; sourceTree = "<group>"; };
		E40C91511CA1665500F40EF5 /* site26a_tn@2x.png */ = {isa = PBXFileReference; lastKnownFileType = image.png; path = "site26a_tn@2x.png"; sourceTree = "<group>"; };
		E40C91521CA1665500F40EF5 /* site27a_tn.png */ = {isa = PBXFileReference; lastKnownFileType = image.png; path = site27a_tn.png; sourceTree = "<group>"; };
		E40C91531CA1665500F40EF5 /* site27a_tn@2x.png */ = {isa = PBXFileReference; lastKnownFileType = image.png; path = "site27a_tn@2x.png"; sourceTree = "<group>"; };
		E40C91541CA1665500F40EF5 /* site27d_tn.png */ = {isa = PBXFileReference; lastKnownFileType = image.png; path = site27d_tn.png; sourceTree = "<group>"; };
		E40C91551CA1665500F40EF5 /* site27d_tn@2x.png */ = {isa = PBXFileReference; lastKnownFileType = image.png; path = "site27d_tn@2x.png"; sourceTree = "<group>"; };
		E40C91561CA1665500F40EF5 /* site27e_tn.png */ = {isa = PBXFileReference; lastKnownFileType = image.png; path = site27e_tn.png; sourceTree = "<group>"; };
		E40C91571CA1665500F40EF5 /* site27e_tn@2x.png */ = {isa = PBXFileReference; lastKnownFileType = image.png; path = "site27e_tn@2x.png"; sourceTree = "<group>"; };
		E40C91581CA1665500F40EF5 /* site28a_tn.png */ = {isa = PBXFileReference; lastKnownFileType = image.png; path = site28a_tn.png; sourceTree = "<group>"; };
		E40C91591CA1665500F40EF5 /* site28a_tn@2x.png */ = {isa = PBXFileReference; lastKnownFileType = image.png; path = "site28a_tn@2x.png"; sourceTree = "<group>"; };
		E40C915A1CA1665500F40EF5 /* site2a_tn.png */ = {isa = PBXFileReference; lastKnownFileType = image.png; path = site2a_tn.png; sourceTree = "<group>"; };
		E40C915B1CA1665500F40EF5 /* site2a_tn@2x.png */ = {isa = PBXFileReference; lastKnownFileType = image.png; path = "site2a_tn@2x.png"; sourceTree = "<group>"; };
		E40C915C1CA1665500F40EF5 /* site3d_tn.png */ = {isa = PBXFileReference; lastKnownFileType = image.png; path = site3d_tn.png; sourceTree = "<group>"; };
		E40C915D1CA1665500F40EF5 /* site3d_tn@2x.png */ = {isa = PBXFileReference; lastKnownFileType = image.png; path = "site3d_tn@2x.png"; sourceTree = "<group>"; };
		E40C915E1CA1665500F40EF5 /* site4a_tn.png */ = {isa = PBXFileReference; lastKnownFileType = image.png; path = site4a_tn.png; sourceTree = "<group>"; };
		E40C915F1CA1665500F40EF5 /* site4a_tn@2x.png */ = {isa = PBXFileReference; lastKnownFileType = image.png; path = "site4a_tn@2x.png"; sourceTree = "<group>"; };
		E40C91601CA1665500F40EF5 /* site5a_tn.png */ = {isa = PBXFileReference; lastKnownFileType = image.png; path = site5a_tn.png; sourceTree = "<group>"; };
		E40C91611CA1665500F40EF5 /* site5a_tn@2x.png */ = {isa = PBXFileReference; lastKnownFileType = image.png; path = "site5a_tn@2x.png"; sourceTree = "<group>"; };
		E40C91621CA1665500F40EF5 /* site6a_tn.png */ = {isa = PBXFileReference; lastKnownFileType = image.png; path = site6a_tn.png; sourceTree = "<group>"; };
		E40C91641CA1665500F40EF5 /* site7a_tn.png */ = {isa = PBXFileReference; lastKnownFileType = image.png; path = site7a_tn.png; sourceTree = "<group>"; };
		E40C91651CA1665500F40EF5 /* site7a_tn@2x.png */ = {isa = PBXFileReference; lastKnownFileType = image.png; path = "site7a_tn@2x.png"; sourceTree = "<group>"; };
		E40C91661CA1665500F40EF5 /* site8a_tn.png */ = {isa = PBXFileReference; lastKnownFileType = image.png; path = site8a_tn.png; sourceTree = "<group>"; };
		E40C91671CA1665500F40EF5 /* site8a_tn@2x.png */ = {isa = PBXFileReference; lastKnownFileType = image.png; path = "site8a_tn@2x.png"; sourceTree = "<group>"; };
		E40C91681CA1665500F40EF5 /* site9a_tn.png */ = {isa = PBXFileReference; lastKnownFileType = image.png; path = site9a_tn.png; sourceTree = "<group>"; };
		E40C91691CA1665500F40EF5 /* site9a_tn@2x.png */ = {isa = PBXFileReference; lastKnownFileType = image.png; path = "site9a_tn@2x.png"; sourceTree = "<group>"; };
		E40C91A71CA1A13000F40EF5 /* site29a_tn@2x.png */ = {isa = PBXFileReference; lastKnownFileType = image.png; path = "site29a_tn@2x.png"; sourceTree = "<group>"; };
		E40C91AC1CA4DCED00F40EF5 /* site6a_tn@2x.png */ = {isa = PBXFileReference; lastKnownFileType = image.png; path = "site6a_tn@2x.png"; sourceTree = "<group>"; };
		E40C91AE1CA54E8B00F40EF5 /* site29a_tn.png */ = {isa = PBXFileReference; lastKnownFileType = image.png; path = site29a_tn.png; sourceTree = "<group>"; };
		E40C91B01CA8A9A800F40EF5 /* site4b.jpg */ = {isa = PBXFileReference; lastKnownFileType = image.jpeg; path = site4b.jpg; sourceTree = "<group>"; };
		E40C91B21CA8C01500F40EF5 /* site27d.jpg */ = {isa = PBXFileReference; lastKnownFileType = image.jpeg; path = site27d.jpg; sourceTree = "<group>"; };
		E40C91B31CA8C01500F40EF5 /* site27e.jpg */ = {isa = PBXFileReference; lastKnownFileType = image.jpeg; path = site27e.jpg; sourceTree = "<group>"; };
		E40C91B61CA98EAE00F40EF5 /* site1a.jpg */ = {isa = PBXFileReference; lastKnownFileType = image.jpeg; name = site1a.jpg; path = "Stop Image Thumbnails/site1a.jpg"; sourceTree = "<group>"; };
		E40C91B81CA996FA00F40EF5 /* site1b.jpg */ = {isa = PBXFileReference; lastKnownFileType = image.jpeg; path = site1b.jpg; sourceTree = "<group>"; };
		E40C91B91CA996FA00F40EF5 /* site1c.jpg */ = {isa = PBXFileReference; lastKnownFileType = image.jpeg; path = site1c.jpg; sourceTree = "<group>"; };
		E40C91BA1CA996FA00F40EF5 /* site1d.jpg */ = {isa = PBXFileReference; lastKnownFileType = image.jpeg; path = site1d.jpg; sourceTree = "<group>"; };
		E40C91BB1CA996FA00F40EF5 /* site2a.jpg */ = {isa = PBXFileReference; lastKnownFileType = image.jpeg; path = site2a.jpg; sourceTree = "<group>"; };
		E40C91BC1CA996FA00F40EF5 /* site3a.jpg */ = {isa = PBXFileReference; lastKnownFileType = image.jpeg; path = site3a.jpg; sourceTree = "<group>"; };
		E40C91BD1CA996FA00F40EF5 /* site3b.jpg */ = {isa = PBXFileReference; lastKnownFileType = image.jpeg; path = site3b.jpg; sourceTree = "<group>"; };
		E40C91BE1CA996FA00F40EF5 /* site3c.jpg */ = {isa = PBXFileReference; lastKnownFileType = image.jpeg; path = site3c.jpg; sourceTree = "<group>"; };
		E40C91BF1CA996FA00F40EF5 /* site3d.jpg */ = {isa = PBXFileReference; lastKnownFileType = image.jpeg; path = site3d.jpg; sourceTree = "<group>"; };
		E40C91C01CA996FA00F40EF5 /* site3e.jpg */ = {isa = PBXFileReference; lastKnownFileType = image.jpeg; path = site3e.jpg; sourceTree = "<group>"; };
		E411EC161C49879A0081AB9B /* CottontownTabBarController.swift */ = {isa = PBXFileReference; fileEncoding = 4; lastKnownFileType = sourcecode.swift; path = CottontownTabBarController.swift; sourceTree = "<group>"; };
		E411EC181C49B09F0081AB9B /* Reveal.framework */ = {isa = PBXFileReference; lastKnownFileType = wrapper.framework; name = Reveal.framework; path = "/Applications/Reveal.app/Contents/SharedSupport/iOS-Libraries/Reveal.framework"; sourceTree = "<absolute>"; };
		E411EC1A1C49CBE20081AB9B /* StopsSplitViewController.swift */ = {isa = PBXFileReference; fileEncoding = 4; lastKnownFileType = sourcecode.swift; path = StopsSplitViewController.swift; sourceTree = "<group>"; };
		E411EC1C1C4B0D370081AB9B /* CoreLocation.framework */ = {isa = PBXFileReference; lastKnownFileType = wrapper.framework; name = CoreLocation.framework; path = System/Library/Frameworks/CoreLocation.framework; sourceTree = SDKROOT; };
		E411EC201C4B29200081AB9B /* Notificatons.swift */ = {isa = PBXFileReference; fileEncoding = 4; lastKnownFileType = sourcecode.swift; path = Notificatons.swift; sourceTree = "<group>"; };
		E419ED371C1C6AAA00164E25 /* Cottontown.app */ = {isa = PBXFileReference; explicitFileType = wrapper.application; includeInIndex = 0; path = Cottontown.app; sourceTree = BUILT_PRODUCTS_DIR; };
		E419ED3A1C1C6AAA00164E25 /* AppDelegate.swift */ = {isa = PBXFileReference; lastKnownFileType = sourcecode.swift; path = AppDelegate.swift; sourceTree = "<group>"; };
		E419ED3C1C1C6AAA00164E25 /* StopsTableViewController.swift */ = {isa = PBXFileReference; lastKnownFileType = sourcecode.swift; path = StopsTableViewController.swift; sourceTree = "<group>"; };
		E419ED411C1C6AAA00164E25 /* Base */ = {isa = PBXFileReference; lastKnownFileType = file.storyboard; name = Base; path = Base.lproj/Main.storyboard; sourceTree = "<group>"; };
		E419ED431C1C6AAA00164E25 /* Assets.xcassets */ = {isa = PBXFileReference; lastKnownFileType = folder.assetcatalog; path = Assets.xcassets; sourceTree = "<group>"; };
		E419ED461C1C6AAA00164E25 /* Base */ = {isa = PBXFileReference; lastKnownFileType = file.storyboard; name = Base; path = Base.lproj/LaunchScreen.storyboard; sourceTree = "<group>"; };
		E419ED481C1C6AAA00164E25 /* Info.plist */ = {isa = PBXFileReference; lastKnownFileType = text.plist.xml; path = Info.plist; sourceTree = "<group>"; };
		E419ED4E1C1CC5BD00164E25 /* Stops.plist */ = {isa = PBXFileReference; fileEncoding = 4; lastKnownFileType = text.plist.xml; path = Stops.plist; sourceTree = "<group>"; };
		E419ED501C1CD14100164E25 /* StopCell.swift */ = {isa = PBXFileReference; fileEncoding = 4; lastKnownFileType = sourcecode.swift; path = StopCell.swift; sourceTree = "<group>"; };
		E43CA0BA1C8FC5180051139B /* site4a.jpg */ = {isa = PBXFileReference; lastKnownFileType = image.jpeg; path = site4a.jpg; sourceTree = "<group>"; };
		E43CA0BB1C8FC5180051139B /* site5a.jpg */ = {isa = PBXFileReference; lastKnownFileType = image.jpeg; path = site5a.jpg; sourceTree = "<group>"; };
		E43CA0BC1C8FC5180051139B /* site6a.jpg */ = {isa = PBXFileReference; lastKnownFileType = image.jpeg; path = site6a.jpg; sourceTree = "<group>"; };
		E43CA0BD1C8FC5180051139B /* site7a.jpg */ = {isa = PBXFileReference; lastKnownFileType = image.jpeg; path = site7a.jpg; sourceTree = "<group>"; };
		E43CA0BE1C8FC5180051139B /* site8a.jpg */ = {isa = PBXFileReference; lastKnownFileType = image.jpeg; path = site8a.jpg; sourceTree = "<group>"; };
		E43CA0BF1C8FC5180051139B /* site9a.jpg */ = {isa = PBXFileReference; lastKnownFileType = image.jpeg; path = site9a.jpg; sourceTree = "<group>"; };
		E43CA0C01C8FC5180051139B /* site10a.jpg */ = {isa = PBXFileReference; lastKnownFileType = image.jpeg; path = site10a.jpg; sourceTree = "<group>"; };
		E43CA0C11C8FC5180051139B /* site10b.jpg */ = {isa = PBXFileReference; lastKnownFileType = image.jpeg; path = site10b.jpg; sourceTree = "<group>"; };
		E43CA0C21C8FC5180051139B /* site11a.jpg */ = {isa = PBXFileReference; lastKnownFileType = image.jpeg; path = site11a.jpg; sourceTree = "<group>"; };
		E43CA0C31C8FC5180051139B /* site12a.jpg */ = {isa = PBXFileReference; lastKnownFileType = image.jpeg; path = site12a.jpg; sourceTree = "<group>"; };
		E43CA0C41C8FC5180051139B /* site12b.jpg */ = {isa = PBXFileReference; lastKnownFileType = image.jpeg; path = site12b.jpg; sourceTree = "<group>"; };
		E43CA0C51C8FC5180051139B /* site12c.jpg */ = {isa = PBXFileReference; lastKnownFileType = image.jpeg; path = site12c.jpg; sourceTree = "<group>"; };
		E43CA0C61C8FC5180051139B /* site13a.jpg */ = {isa = PBXFileReference; lastKnownFileType = image.jpeg; path = site13a.jpg; sourceTree = "<group>"; };
		E43CA0C71C8FC5180051139B /* site13b.jpg */ = {isa = PBXFileReference; lastKnownFileType = image.jpeg; path = site13b.jpg; sourceTree = "<group>"; };
		E43CA0C81C8FC5180051139B /* site14a.jpg */ = {isa = PBXFileReference; lastKnownFileType = image.jpeg; path = site14a.jpg; sourceTree = "<group>"; };
		E43CA0C91C8FC5180051139B /* site15a.jpg */ = {isa = PBXFileReference; lastKnownFileType = image.jpeg; path = site15a.jpg; sourceTree = "<group>"; };
		E43CA0CA1C8FC5180051139B /* site16a.jpg */ = {isa = PBXFileReference; lastKnownFileType = image.jpeg; path = site16a.jpg; sourceTree = "<group>"; };
		E43CA0CB1C8FC5180051139B /* site17a.jpg */ = {isa = PBXFileReference; lastKnownFileType = image.jpeg; path = site17a.jpg; sourceTree = "<group>"; };
		E43CA0CC1C8FC5180051139B /* site18a.jpg */ = {isa = PBXFileReference; lastKnownFileType = image.jpeg; path = site18a.jpg; sourceTree = "<group>"; };
		E43CA0CD1C8FC5180051139B /* site19a.jpg */ = {isa = PBXFileReference; lastKnownFileType = image.jpeg; path = site19a.jpg; sourceTree = "<group>"; };
		E43CA0CE1C8FC5180051139B /* site19b.jpg */ = {isa = PBXFileReference; lastKnownFileType = image.jpeg; path = site19b.jpg; sourceTree = "<group>"; };
		E43CA0CF1C8FC5180051139B /* site19c.jpg */ = {isa = PBXFileReference; lastKnownFileType = image.jpeg; path = site19c.jpg; sourceTree = "<group>"; };
		E43CA0D01C8FC5180051139B /* site20a.jpg */ = {isa = PBXFileReference; lastKnownFileType = image.jpeg; path = site20a.jpg; sourceTree = "<group>"; };
		E43CA0D11C8FC5180051139B /* site21a.jpg */ = {isa = PBXFileReference; lastKnownFileType = image.jpeg; path = site21a.jpg; sourceTree = "<group>"; };
		E43CA0D21C8FC5180051139B /* site22a.jpg */ = {isa = PBXFileReference; lastKnownFileType = image.jpeg; path = site22a.jpg; sourceTree = "<group>"; };
		E43CA0D31C8FC5180051139B /* site23a.jpg */ = {isa = PBXFileReference; lastKnownFileType = image.jpeg; path = site23a.jpg; sourceTree = "<group>"; };
		E43CA0D41C8FC5180051139B /* site24a.jpg */ = {isa = PBXFileReference; lastKnownFileType = image.jpeg; path = site24a.jpg; sourceTree = "<group>"; };
		E43CA0D51C8FC5180051139B /* site24b.jpg */ = {isa = PBXFileReference; lastKnownFileType = image.jpeg; path = site24b.jpg; sourceTree = "<group>"; };
		E43CA0D61C8FC5180051139B /* site24c.jpg */ = {isa = PBXFileReference; lastKnownFileType = image.jpeg; path = site24c.jpg; sourceTree = "<group>"; };
		E43CA0D71C8FC5180051139B /* site25a.jpg */ = {isa = PBXFileReference; lastKnownFileType = image.jpeg; path = site25a.jpg; sourceTree = "<group>"; };
		E43CA0D81C8FC5180051139B /* site25b.jpg */ = {isa = PBXFileReference; lastKnownFileType = image.jpeg; path = site25b.jpg; sourceTree = "<group>"; };
		E43CA0D91C8FC5180051139B /* site25c.jpg */ = {isa = PBXFileReference; lastKnownFileType = image.jpeg; path = site25c.jpg; sourceTree = "<group>"; };
		E43CA0DA1C8FC5180051139B /* site26a.jpg */ = {isa = PBXFileReference; lastKnownFileType = image.jpeg; path = site26a.jpg; sourceTree = "<group>"; };
		E43CA0DB1C8FC5180051139B /* site27a.jpg */ = {isa = PBXFileReference; lastKnownFileType = image.jpeg; path = site27a.jpg; sourceTree = "<group>"; };
		E43CA0DC1C8FC5180051139B /* site27b.jpg */ = {isa = PBXFileReference; lastKnownFileType = image.jpeg; path = site27b.jpg; sourceTree = "<group>"; };
		E43CA0DD1C8FC5180051139B /* site27c.jpg */ = {isa = PBXFileReference; lastKnownFileType = image.jpeg; path = site27c.jpg; sourceTree = "<group>"; };
		E43CA0DE1C8FC5180051139B /* site28a.jpg */ = {isa = PBXFileReference; lastKnownFileType = image.jpeg; path = site28a.jpg; sourceTree = "<group>"; };
		E43CA11A1C8FCAAC0051139B /* MobileCoreServices.framework */ = {isa = PBXFileReference; lastKnownFileType = wrapper.framework; name = MobileCoreServices.framework; path = System/Library/Frameworks/MobileCoreServices.framework; sourceTree = SDKROOT; };
		E43CA11C1C9136590051139B /* site29a.jpg */ = {isa = PBXFileReference; lastKnownFileType = image.jpeg; path = site29a.jpg; sourceTree = "<group>"; };
		E43CA11D1C9136590051139B /* site29b.jpg */ = {isa = PBXFileReference; lastKnownFileType = image.jpeg; path = site29b.jpg; sourceTree = "<group>"; };
		E43CA11E1C9136590051139B /* site30a.jpg */ = {isa = PBXFileReference; lastKnownFileType = image.jpeg; path = site30a.jpg; sourceTree = "<group>"; };
		E442584D1C27979B0041A5B4 /* PictureContentViewController.swift */ = {isa = PBXFileReference; fileEncoding = 4; lastKnownFileType = sourcecode.swift; path = PictureContentViewController.swift; sourceTree = "<group>"; };
		E442584F1C2798640041A5B4 /* StopPageViewController.swift */ = {isa = PBXFileReference; fileEncoding = 4; lastKnownFileType = sourcecode.swift; path = StopPageViewController.swift; sourceTree = "<group>"; };
		E44258511C2A2BEF0041A5B4 /* Stop.swift */ = {isa = PBXFileReference; fileEncoding = 4; lastKnownFileType = sourcecode.swift; path = Stop.swift; sourceTree = "<group>"; };
		E44258531C2A2E520041A5B4 /* Cottontown.playground */ = {isa = PBXFileReference; lastKnownFileType = file.playground; path = Cottontown.playground; sourceTree = "<group>"; };
		E45BA75F1C38C20900454CF7 /* StopAnnotation.swift */ = {isa = PBXFileReference; fileEncoding = 4; lastKnownFileType = sourcecode.swift; path = StopAnnotation.swift; sourceTree = "<group>"; };
		E45BA7711C3957C900454CF7 /* es */ = {isa = PBXFileReference; lastKnownFileType = text.plist.strings; name = es; path = es.lproj/Main.strings; sourceTree = "<group>"; };
		E45BA7721C3957C900454CF7 /* es */ = {isa = PBXFileReference; lastKnownFileType = text.plist.strings; name = es; path = es.lproj/LaunchScreen.strings; sourceTree = "<group>"; };
		E45F21721C46F10D00A9E743 /* ContentImage.swift */ = {isa = PBXFileReference; fileEncoding = 4; lastKnownFileType = sourcecode.swift; path = ContentImage.swift; sourceTree = "<group>"; };
		E4624FC71C2F8A4E003023A1 /* MapKit.framework */ = {isa = PBXFileReference; lastKnownFileType = wrapper.framework; name = MapKit.framework; path = System/Library/Frameworks/MapKit.framework; sourceTree = SDKROOT; };
		E4624FCB1C30C76A003023A1 /* MapSplitViewController.swift */ = {isa = PBXFileReference; fileEncoding = 4; lastKnownFileType = sourcecode.swift; path = MapSplitViewController.swift; sourceTree = "<group>"; };
		E4624FCD1C3213C6003023A1 /* StopsModel.swift */ = {isa = PBXFileReference; fileEncoding = 4; lastKnownFileType = sourcecode.swift; path = StopsModel.swift; sourceTree = "<group>"; };
		E4624FD11C3231C8003023A1 /* MapPageViewController.swift */ = {isa = PBXFileReference; fileEncoding = 4; lastKnownFileType = sourcecode.swift; path = MapPageViewController.swift; sourceTree = "<group>"; };
		E4624FD31C323354003023A1 /* MapViewController.swift */ = {isa = PBXFileReference; fileEncoding = 4; lastKnownFileType = sourcecode.swift; path = MapViewController.swift; sourceTree = "<group>"; };
		E463ACD41C89F12D00B68973 /* YouTubeContentViewController.swift */ = {isa = PBXFileReference; fileEncoding = 4; lastKnownFileType = sourcecode.swift; path = YouTubeContentViewController.swift; sourceTree = "<group>"; };
		E463AD191C8A62F900B68973 /* Assets.bundle */ = {isa = PBXFileReference; lastKnownFileType = "wrapper.plug-in"; path = Assets.bundle; sourceTree = "<group>"; };
		E463AD1A1C8A62F900B68973 /* YouTubeiOSPlayerHelper.h */ = {isa = PBXFileReference; fileEncoding = 4; lastKnownFileType = sourcecode.c.h; path = YouTubeiOSPlayerHelper.h; sourceTree = "<group>"; };
		E463AD1B1C8A62F900B68973 /* YTPlayerView.h */ = {isa = PBXFileReference; fileEncoding = 4; lastKnownFileType = sourcecode.c.h; path = YTPlayerView.h; sourceTree = "<group>"; };
		E463AD1C1C8A62F900B68973 /* YTPlayerView.m */ = {isa = PBXFileReference; fileEncoding = 4; lastKnownFileType = sourcecode.c.objc; path = YTPlayerView.m; sourceTree = "<group>"; };
		E471CEAD1C74243400214EFF /* Settings.bundle */ = {isa = PBXFileReference; lastKnownFileType = "wrapper.plug-in"; path = Settings.bundle; sourceTree = "<group>"; };
		E472B5F51C87C463003FFBCA /* WebViewController.swift */ = {isa = PBXFileReference; fileEncoding = 4; lastKnownFileType = sourcecode.swift; path = WebViewController.swift; sourceTree = "<group>"; };
		E4D8E8261C7BFB7D00A17BB2 /* SystemConfiguration.framework */ = {isa = PBXFileReference; lastKnownFileType = wrapper.framework; name = SystemConfiguration.framework; path = System/Library/Frameworks/SystemConfiguration.framework; sourceTree = SDKROOT; };
		E4D8E8281C7BFBE200A17BB2 /* OneSignal.framework */ = {isa = PBXFileReference; lastKnownFileType = wrapper.framework; path = OneSignal.framework; sourceTree = "<group>"; };
		E4D8E82A1C7BFD6B00A17BB2 /* Cottontown-Bridging-Header.h */ = {isa = PBXFileReference; fileEncoding = 4; lastKnownFileType = sourcecode.c.h; path = "Cottontown-Bridging-Header.h"; sourceTree = SOURCE_ROOT; };
		E4D8E82B1C83146700A17BB2 /* Protocols.swift */ = {isa = PBXFileReference; fileEncoding = 4; lastKnownFileType = sourcecode.swift; path = Protocols.swift; sourceTree = "<group>"; };
		E4E3F2241C8F2497006456AB /* ImageIO.framework */ = {isa = PBXFileReference; lastKnownFileType = wrapper.framework; name = ImageIO.framework; path = System/Library/Frameworks/ImageIO.framework; sourceTree = SDKROOT; };
/* End PBXFileReference section */

/* Begin PBXFrameworksBuildPhase section */
		E419ED341C1C6AAA00164E25 /* Frameworks */ = {
			isa = PBXFrameworksBuildPhase;
			buildActionMask = 2147483647;
			files = (
				E43CA11B1C8FCAAC0051139B /* MobileCoreServices.framework in Frameworks */,
				E4E3F2251C8F2497006456AB /* ImageIO.framework in Frameworks */,
				E4D8E8271C7BFB7D00A17BB2 /* SystemConfiguration.framework in Frameworks */,
				E411EC1D1C4B0D370081AB9B /* CoreLocation.framework in Frameworks */,
				E4624FC81C2F8A4E003023A1 /* MapKit.framework in Frameworks */,
				E4D8E8291C7BFBE200A17BB2 /* OneSignal.framework in Frameworks */,
			);
			runOnlyForDeploymentPostprocessing = 0;
		};
/* End PBXFrameworksBuildPhase section */

/* Begin PBXGroup section */
		E40C912D1CA1665500F40EF5 /* Stop Image Thumbnails */ = {
			isa = PBXGroup;
			children = (
				E40C912E1CA1665500F40EF5 /* site10a_tn.png */,
				E40C912F1CA1665500F40EF5 /* site10a_tn@2x.png */,
				E40C91301CA1665500F40EF5 /* site11a_tn.png */,
				E40C91311CA1665500F40EF5 /* site11a_tn@2x.png */,
				E40C91321CA1665500F40EF5 /* site12b_tn.png */,
				E40C91331CA1665500F40EF5 /* site12b_tn@2x.png */,
				E40C91341CA1665500F40EF5 /* site13a_tn.png */,
				E40C91351CA1665500F40EF5 /* site13a_tn@2x.png */,
				E40C91361CA1665500F40EF5 /* site14a_tn.png */,
				E40C91371CA1665500F40EF5 /* site14a_tn@2x.png */,
				E40C91381CA1665500F40EF5 /* site15a_tn.png */,
				E40C91391CA1665500F40EF5 /* site15a_tn@2x.png */,
				E40C913A1CA1665500F40EF5 /* site16a_tn.png */,
				E40C913B1CA1665500F40EF5 /* site16a_tn@2x.png */,
				E40C913C1CA1665500F40EF5 /* site17a_tn.png */,
				E40C913D1CA1665500F40EF5 /* site17a_tn@2x.png */,
				E40C913E1CA1665500F40EF5 /* site18a_tn.png */,
				E40C913F1CA1665500F40EF5 /* site18a_tn@2x.png */,
				E40C91401CA1665500F40EF5 /* site19a_tn.png */,
				E40C91411CA1665500F40EF5 /* site19a_tn@2x.png */,
				E40C91421CA1665500F40EF5 /* site1b_tn.png */,
				E40C91431CA1665500F40EF5 /* site1b_tn@2x.png */,
				E40C91441CA1665500F40EF5 /* site20a_tn.png */,
				E40C91451CA1665500F40EF5 /* site20a_tn@2x.png */,
				E40C91461CA1665500F40EF5 /* site21a_tn.png */,
				E40C91471CA1665500F40EF5 /* site21a_tn@2x.png */,
				E40C91481CA1665500F40EF5 /* site22a_tn.png */,
				E40C91491CA1665500F40EF5 /* site22a_tn@2x.png */,
				E40C914A1CA1665500F40EF5 /* site23a_tn.png */,
				E40C914B1CA1665500F40EF5 /* site23a_tn@2x.png */,
				E40C914C1CA1665500F40EF5 /* site24b_tn.png */,
				E40C914D1CA1665500F40EF5 /* site24b_tn@2x.png */,
				E40C914E1CA1665500F40EF5 /* site25a_tn.png */,
				E40C914F1CA1665500F40EF5 /* site25a_tn@2x.png */,
				E40C91501CA1665500F40EF5 /* site26a_tn.png */,
				E40C91511CA1665500F40EF5 /* site26a_tn@2x.png */,
				E40C91521CA1665500F40EF5 /* site27a_tn.png */,
				E40C91531CA1665500F40EF5 /* site27a_tn@2x.png */,
				E40C91541CA1665500F40EF5 /* site27d_tn.png */,
				E40C91551CA1665500F40EF5 /* site27d_tn@2x.png */,
				E40C91561CA1665500F40EF5 /* site27e_tn.png */,
				E40C91571CA1665500F40EF5 /* site27e_tn@2x.png */,
				E40C91581CA1665500F40EF5 /* site28a_tn.png */,
				E40C91591CA1665500F40EF5 /* site28a_tn@2x.png */,
				E40C91AE1CA54E8B00F40EF5 /* site29a_tn.png */,
				E40C91A71CA1A13000F40EF5 /* site29a_tn@2x.png */,
				E40C915A1CA1665500F40EF5 /* site2a_tn.png */,
				E40C915B1CA1665500F40EF5 /* site2a_tn@2x.png */,
				E40C915C1CA1665500F40EF5 /* site3d_tn.png */,
				E40C915D1CA1665500F40EF5 /* site3d_tn@2x.png */,
				E40C915E1CA1665500F40EF5 /* site4a_tn.png */,
				E40C915F1CA1665500F40EF5 /* site4a_tn@2x.png */,
				E40C91601CA1665500F40EF5 /* site5a_tn.png */,
				E40C91611CA1665500F40EF5 /* site5a_tn@2x.png */,
				E40C91621CA1665500F40EF5 /* site6a_tn.png */,
				E40C91AC1CA4DCED00F40EF5 /* site6a_tn@2x.png */,
				E40C91641CA1665500F40EF5 /* site7a_tn.png */,
				E40C91651CA1665500F40EF5 /* site7a_tn@2x.png */,
				E40C91661CA1665500F40EF5 /* site8a_tn.png */,
				E40C91671CA1665500F40EF5 /* site8a_tn@2x.png */,
				E40C91681CA1665500F40EF5 /* site9a_tn.png */,
				E40C91691CA1665500F40EF5 /* site9a_tn@2x.png */,
			);
			path = "Stop Image Thumbnails";
			sourceTree = "<group>";
		};
		E419ED2E1C1C6AAA00164E25 = {
			isa = PBXGroup;
			children = (
				E419ED391C1C6AAA00164E25 /* Cottontown */,
				E419ED381C1C6AAA00164E25 /* Products */,
			);
			sourceTree = "<group>";
		};
		E419ED381C1C6AAA00164E25 /* Products */ = {
			isa = PBXGroup;
			children = (
				E419ED371C1C6AAA00164E25 /* Cottontown.app */,
			);
			name = Products;
			sourceTree = "<group>";
		};
		E419ED391C1C6AAA00164E25 /* Cottontown */ = {
			isa = PBXGroup;
			children = (
				E4D8E82A1C7BFD6B00A17BB2 /* Cottontown-Bridging-Header.h */,
				E419ED3A1C1C6AAA00164E25 /* AppDelegate.swift */,
				E4D8E82B1C83146700A17BB2 /* Protocols.swift */,
				E411EC201C4B29200081AB9B /* Notificatons.swift */,
				E411EC161C49879A0081AB9B /* CottontownTabBarController.swift */,
				E411EC1A1C49CBE20081AB9B /* StopsSplitViewController.swift */,
				E4624FCD1C3213C6003023A1 /* StopsModel.swift */,
				E419ED3C1C1C6AAA00164E25 /* StopsTableViewController.swift */,
				E419ED501C1CD14100164E25 /* StopCell.swift */,
				E442584F1C2798640041A5B4 /* StopPageViewController.swift */,
				E442584D1C27979B0041A5B4 /* PictureContentViewController.swift */,
				E463ACD41C89F12D00B68973 /* YouTubeContentViewController.swift */,
				E45F21721C46F10D00A9E743 /* ContentImage.swift */,
				E44258511C2A2BEF0041A5B4 /* Stop.swift */,
				E4624FCB1C30C76A003023A1 /* MapSplitViewController.swift */,
				E4624FD31C323354003023A1 /* MapViewController.swift */,
				E45BA75F1C38C20900454CF7 /* StopAnnotation.swift */,
				E4624FD11C3231C8003023A1 /* MapPageViewController.swift */,
				E472B5F51C87C463003FFBCA /* WebViewController.swift */,
				E463AD191C8A62F900B68973 /* Assets.bundle */,
				E463AD1A1C8A62F900B68973 /* YouTubeiOSPlayerHelper.h */,
				E463AD1B1C8A62F900B68973 /* YTPlayerView.h */,
				E463AD1C1C8A62F900B68973 /* YTPlayerView.m */,
				E419ED401C1C6AAA00164E25 /* Main.storyboard */,
				E419ED451C1C6AAA00164E25 /* LaunchScreen.storyboard */,
				E471CEAD1C74243400214EFF /* Settings.bundle */,
				E43CA0AF1C8FC0390051139B /* Pictures */,
				E419ED431C1C6AAA00164E25 /* Assets.xcassets */,
				E419ED481C1C6AAA00164E25 /* Info.plist */,
				E419ED4E1C1CC5BD00164E25 /* Stops.plist */,
				E44258531C2A2E520041A5B4 /* Cottontown.playground */,
				E4D8E82D1C8377FD00A17BB2 /* Frameworks */,
			);
			path = Cottontown;
			sourceTree = "<group>";
		};
		E43CA0AF1C8FC0390051139B /* Pictures */ = {
			isa = PBXGroup;
			children = (
				E40C912D1CA1665500F40EF5 /* Stop Image Thumbnails */,
				E40C91B61CA98EAE00F40EF5 /* site1a.jpg */,
				E40C91B81CA996FA00F40EF5 /* site1b.jpg */,
				E40C91B91CA996FA00F40EF5 /* site1c.jpg */,
				E40C91BA1CA996FA00F40EF5 /* site1d.jpg */,
				E40C91BB1CA996FA00F40EF5 /* site2a.jpg */,
				E40C91BC1CA996FA00F40EF5 /* site3a.jpg */,
				E40C91BD1CA996FA00F40EF5 /* site3b.jpg */,
				E40C91BE1CA996FA00F40EF5 /* site3c.jpg */,
				E40C91BF1CA996FA00F40EF5 /* site3d.jpg */,
				E40C91C01CA996FA00F40EF5 /* site3e.jpg */,
				E43CA0BA1C8FC5180051139B /* site4a.jpg */,
				E40C91B01CA8A9A800F40EF5 /* site4b.jpg */,
				E43CA0BB1C8FC5180051139B /* site5a.jpg */,
				E43CA0BC1C8FC5180051139B /* site6a.jpg */,
				E43CA0BD1C8FC5180051139B /* site7a.jpg */,
				E43CA0BE1C8FC5180051139B /* site8a.jpg */,
				E43CA0BF1C8FC5180051139B /* site9a.jpg */,
				E43CA0C01C8FC5180051139B /* site10a.jpg */,
				E43CA0C11C8FC5180051139B /* site10b.jpg */,
				E43CA0C21C8FC5180051139B /* site11a.jpg */,
				E43CA0C31C8FC5180051139B /* site12a.jpg */,
				E43CA0C41C8FC5180051139B /* site12b.jpg */,
				E43CA0C51C8FC5180051139B /* site12c.jpg */,
				E43CA0C61C8FC5180051139B /* site13a.jpg */,
				E43CA0C71C8FC5180051139B /* site13b.jpg */,
				E43CA0C81C8FC5180051139B /* site14a.jpg */,
				E43CA0C91C8FC5180051139B /* site15a.jpg */,
				E43CA0CA1C8FC5180051139B /* site16a.jpg */,
				E43CA0CB1C8FC5180051139B /* site17a.jpg */,
				E43CA0CC1C8FC5180051139B /* site18a.jpg */,
				E43CA0CD1C8FC5180051139B /* site19a.jpg */,
				E43CA0CE1C8FC5180051139B /* site19b.jpg */,
				E43CA0CF1C8FC5180051139B /* site19c.jpg */,
				E43CA0D01C8FC5180051139B /* site20a.jpg */,
				E43CA0D11C8FC5180051139B /* site21a.jpg */,
				E43CA0D21C8FC5180051139B /* site22a.jpg */,
				E43CA0D31C8FC5180051139B /* site23a.jpg */,
				E43CA0D41C8FC5180051139B /* site24a.jpg */,
				E43CA0D51C8FC5180051139B /* site24b.jpg */,
				E43CA0D61C8FC5180051139B /* site24c.jpg */,
				E43CA0D71C8FC5180051139B /* site25a.jpg */,
				E43CA0D81C8FC5180051139B /* site25b.jpg */,
				E43CA0D91C8FC5180051139B /* site25c.jpg */,
				E43CA0DA1C8FC5180051139B /* site26a.jpg */,
				E43CA0DB1C8FC5180051139B /* site27a.jpg */,
				E43CA0DC1C8FC5180051139B /* site27b.jpg */,
				E43CA0DD1C8FC5180051139B /* site27c.jpg */,
				E40C91B21CA8C01500F40EF5 /* site27d.jpg */,
				E40C91B31CA8C01500F40EF5 /* site27e.jpg */,
				E43CA0DE1C8FC5180051139B /* site28a.jpg */,
				E43CA11C1C9136590051139B /* site29a.jpg */,
				E43CA11D1C9136590051139B /* site29b.jpg */,
				E43CA11E1C9136590051139B /* site30a.jpg */,
			);
			name = Pictures;
			sourceTree = "<group>";
		};
		E4D8E82D1C8377FD00A17BB2 /* Frameworks */ = {
			isa = PBXGroup;
			children = (
				E43CA11A1C8FCAAC0051139B /* MobileCoreServices.framework */,
				E4E3F2241C8F2497006456AB /* ImageIO.framework */,
				E4624FC71C2F8A4E003023A1 /* MapKit.framework */,
				E411EC181C49B09F0081AB9B /* Reveal.framework */,
				E411EC1C1C4B0D370081AB9B /* CoreLocation.framework */,
				E4D8E8261C7BFB7D00A17BB2 /* SystemConfiguration.framework */,
				E4D8E8281C7BFBE200A17BB2 /* OneSignal.framework */,
			);
			name = Frameworks;
			path = ..;
			sourceTree = "<group>";
		};
/* End PBXGroup section */

/* Begin PBXNativeTarget section */
		E419ED361C1C6AAA00164E25 /* Cottontown */ = {
			isa = PBXNativeTarget;
			buildConfigurationList = E419ED4B1C1C6AAA00164E25 /* Build configuration list for PBXNativeTarget "Cottontown" */;
			buildPhases = (
				E419ED331C1C6AAA00164E25 /* Sources */,
				E419ED341C1C6AAA00164E25 /* Frameworks */,
				E419ED351C1C6AAA00164E25 /* Resources */,
			);
			buildRules = (
			);
			dependencies = (
			);
			name = Cottontown;
			productName = Cottontown;
			productReference = E419ED371C1C6AAA00164E25 /* Cottontown.app */;
			productType = "com.apple.product-type.application";
		};
/* End PBXNativeTarget section */

/* Begin PBXProject section */
		E419ED2F1C1C6AAA00164E25 /* Project object */ = {
			isa = PBXProject;
			attributes = {
				LastSwiftUpdateCheck = 0720;
				LastUpgradeCheck = 0720;
				ORGANIZATIONNAME = Tappdev.com;
				TargetAttributes = {
					E419ED361C1C6AAA00164E25 = {
						CreatedOnToolsVersion = 7.2;
						DevelopmentTeam = EVVLS4S94Q;
						SystemCapabilities = {
							com.apple.BackgroundModes = {
								enabled = 1;
							};
							com.apple.Maps.iOS = {
								enabled = 1;
							};
							com.apple.Push = {
								enabled = 1;
							};
						};
					};
				};
			};
			buildConfigurationList = E419ED321C1C6AAA00164E25 /* Build configuration list for PBXProject "Cottontown" */;
			compatibilityVersion = "Xcode 3.2";
			developmentRegion = English;
			hasScannedForEncodings = 0;
			knownRegions = (
				en,
				Base,
			);
			mainGroup = E419ED2E1C1C6AAA00164E25;
			productRefGroup = E419ED381C1C6AAA00164E25 /* Products */;
			projectDirPath = "";
			projectRoot = "";
			targets = (
				E419ED361C1C6AAA00164E25 /* Cottontown */,
			);
		};
/* End PBXProject section */

/* Begin PBXResourcesBuildPhase section */
		E419ED351C1C6AAA00164E25 /* Resources */ = {
			isa = PBXResourcesBuildPhase;
			buildActionMask = 2147483647;
			files = (
				E43CA0FD1C8FC5180051139B /* site19b.jpg in Resources */,
				E40C917A1CA1665500F40EF5 /* site18a_tn.png in Resources */,
				E40C917C1CA1665500F40EF5 /* site19a_tn.png in Resources */,
				E40C91C31CA996FA00F40EF5 /* site1d.jpg in Resources */,
				E43CA1051C8FC5180051139B /* site24c.jpg in Resources */,
				E40C91B41CA8C01500F40EF5 /* site27d.jpg in Resources */,
				E40C91B11CA8A9A800F40EF5 /* site4b.jpg in Resources */,
				E43CA10C1C8FC5180051139B /* site27c.jpg in Resources */,
				E43CA10B1C8FC5180051139B /* site27b.jpg in Resources */,
				E40C91C21CA996FA00F40EF5 /* site1c.jpg in Resources */,
				E43CA0FF1C8FC5180051139B /* site20a.jpg in Resources */,
				E43CA1071C8FC5180051139B /* site25b.jpg in Resources */,
				E43CA0F11C8FC5180051139B /* site11a.jpg in Resources */,
				E43CA1031C8FC5180051139B /* site24a.jpg in Resources */,
				E43CA1211C9136590051139B /* site30a.jpg in Resources */,
				E40C91AD1CA4DCED00F40EF5 /* site6a_tn@2x.png in Resources */,
				E40C91A91CA1A13000F40EF5 /* site29a_tn@2x.png in Resources */,
				E40C91951CA1665500F40EF5 /* site28a_tn@2x.png in Resources */,
				E43CA0EB1C8FC5180051139B /* site6a.jpg in Resources */,
				E40C91911CA1665500F40EF5 /* site27d_tn@2x.png in Resources */,
				E40C91921CA1665500F40EF5 /* site27e_tn.png in Resources */,
				E40C91761CA1665500F40EF5 /* site16a_tn.png in Resources */,
				E40C918F1CA1665500F40EF5 /* site27a_tn@2x.png in Resources */,
				E40C91961CA1665500F40EF5 /* site2a_tn.png in Resources */,
				E40C91771CA1665500F40EF5 /* site16a_tn@2x.png in Resources */,
				E43CA0FB1C8FC5180051139B /* site18a.jpg in Resources */,
				E40C91781CA1665500F40EF5 /* site17a_tn.png in Resources */,
				E43CA10D1C8FC5180051139B /* site28a.jpg in Resources */,
				E40C918A1CA1665500F40EF5 /* site25a_tn.png in Resources */,
				E43CA0F41C8FC5180051139B /* site12c.jpg in Resources */,
				E40C91981CA1665500F40EF5 /* site3d_tn.png in Resources */,
				E40C91701CA1665500F40EF5 /* site13a_tn.png in Resources */,
				E40C91A51CA1665500F40EF5 /* site9a_tn@2x.png in Resources */,
				E43CA0FE1C8FC5180051139B /* site19c.jpg in Resources */,
				E40C91991CA1665500F40EF5 /* site3d_tn@2x.png in Resources */,
				E40C91741CA1665500F40EF5 /* site15a_tn.png in Resources */,
				E40C91971CA1665500F40EF5 /* site2a_tn@2x.png in Resources */,
				E40C916F1CA1665500F40EF5 /* site12b_tn@2x.png in Resources */,
				E40C91821CA1665500F40EF5 /* site21a_tn.png in Resources */,
				E40C91841CA1665500F40EF5 /* site22a_tn.png in Resources */,
				E40C918B1CA1665500F40EF5 /* site25a_tn@2x.png in Resources */,
				E419ED471C1C6AAA00164E25 /* LaunchScreen.storyboard in Resources */,
				E40C91941CA1665500F40EF5 /* site28a_tn.png in Resources */,
				E40C91A11CA1665500F40EF5 /* site7a_tn@2x.png in Resources */,
				E40C91C71CA996FA00F40EF5 /* site3c.jpg in Resources */,
				E40C918E1CA1665500F40EF5 /* site27a_tn.png in Resources */,
				E40C91871CA1665500F40EF5 /* site23a_tn@2x.png in Resources */,
				E40C916A1CA1665500F40EF5 /* site10a_tn.png in Resources */,
				E40C919B1CA1665500F40EF5 /* site4a_tn@2x.png in Resources */,
				E40C91C51CA996FA00F40EF5 /* site3a.jpg in Resources */,
				E40C91831CA1665500F40EF5 /* site21a_tn@2x.png in Resources */,
				E40C917D1CA1665500F40EF5 /* site19a_tn@2x.png in Resources */,
				E40C91721CA1665500F40EF5 /* site14a_tn.png in Resources */,
				E43CA0F31C8FC5180051139B /* site12b.jpg in Resources */,
				E43CA0EA1C8FC5180051139B /* site5a.jpg in Resources */,
				E43CA0F91C8FC5180051139B /* site16a.jpg in Resources */,
				E40C91901CA1665500F40EF5 /* site27d_tn.png in Resources */,
				E43CA0F61C8FC5180051139B /* site13b.jpg in Resources */,
				E43CA1001C8FC5180051139B /* site21a.jpg in Resources */,
				E40C91C91CA996FA00F40EF5 /* site3e.jpg in Resources */,
				E43CA0F01C8FC5180051139B /* site10b.jpg in Resources */,
				E40C91C11CA996FA00F40EF5 /* site1b.jpg in Resources */,
				E40C91931CA1665500F40EF5 /* site27e_tn@2x.png in Resources */,
				E40C918D1CA1665500F40EF5 /* site26a_tn@2x.png in Resources */,
				E40C91861CA1665500F40EF5 /* site23a_tn.png in Resources */,
				E40C917B1CA1665500F40EF5 /* site18a_tn@2x.png in Resources */,
				E40C917E1CA1665500F40EF5 /* site1b_tn.png in Resources */,
				E40C916E1CA1665500F40EF5 /* site12b_tn.png in Resources */,
				E40C916B1CA1665500F40EF5 /* site10a_tn@2x.png in Resources */,
				E43CA1081C8FC5180051139B /* site25c.jpg in Resources */,
				E43CA0F71C8FC5180051139B /* site14a.jpg in Resources */,
				E419ED441C1C6AAA00164E25 /* Assets.xcassets in Resources */,
				E43CA11F1C9136590051139B /* site29a.jpg in Resources */,
				E40C91AF1CA54E8B00F40EF5 /* site29a_tn.png in Resources */,
				E40C919E1CA1665500F40EF5 /* site6a_tn.png in Resources */,
				E43CA1201C9136590051139B /* site29b.jpg in Resources */,
				E43CA0E91C8FC5180051139B /* site4a.jpg in Resources */,
				E40C91791CA1665500F40EF5 /* site17a_tn@2x.png in Resources */,
				E43CA1061C8FC5180051139B /* site25a.jpg in Resources */,
				E40C91711CA1665500F40EF5 /* site13a_tn@2x.png in Resources */,
				E40C916C1CA1665500F40EF5 /* site11a_tn.png in Resources */,
				E40C91811CA1665500F40EF5 /* site20a_tn@2x.png in Resources */,
				E40C919D1CA1665500F40EF5 /* site5a_tn@2x.png in Resources */,
				E43CA0EE1C8FC5180051139B /* site9a.jpg in Resources */,
				E40C91B71CA98EAE00F40EF5 /* site1a.jpg in Resources */,
				E40C91C61CA996FA00F40EF5 /* site3b.jpg in Resources */,
				E43CA0ED1C8FC5180051139B /* site8a.jpg in Resources */,
				E43CA0F81C8FC5180051139B /* site15a.jpg in Resources */,
				E463AD1D1C8A62F900B68973 /* Assets.bundle in Resources */,
				E471CEAE1C74243400214EFF /* Settings.bundle in Resources */,
				E43CA0EF1C8FC5180051139B /* site10a.jpg in Resources */,
				E43CA10A1C8FC5180051139B /* site27a.jpg in Resources */,
				E40C91881CA1665500F40EF5 /* site24b_tn.png in Resources */,
				E40C91731CA1665500F40EF5 /* site14a_tn@2x.png in Resources */,
				E40C91C81CA996FA00F40EF5 /* site3d.jpg in Resources */,
				E40C91A31CA1665500F40EF5 /* site8a_tn@2x.png in Resources */,
				E43CA1011C8FC5180051139B /* site22a.jpg in Resources */,
				E43CA0F21C8FC5180051139B /* site12a.jpg in Resources */,
				E43CA0F51C8FC5180051139B /* site13a.jpg in Resources */,
				E40C917F1CA1665500F40EF5 /* site1b_tn@2x.png in Resources */,
				E43CA1091C8FC5180051139B /* site26a.jpg in Resources */,
				E40C916D1CA1665500F40EF5 /* site11a_tn@2x.png in Resources */,
				E40C91891CA1665500F40EF5 /* site24b_tn@2x.png in Resources */,
				E40C91851CA1665500F40EF5 /* site22a_tn@2x.png in Resources */,
				E40C918C1CA1665500F40EF5 /* site26a_tn.png in Resources */,
				E40C91A01CA1665500F40EF5 /* site7a_tn.png in Resources */,
				E40C91C41CA996FA00F40EF5 /* site2a.jpg in Resources */,
				E419ED4F1C1CC5BD00164E25 /* Stops.plist in Resources */,
				E40C91A21CA1665500F40EF5 /* site8a_tn.png in Resources */,
				E40C91B51CA8C01500F40EF5 /* site27e.jpg in Resources */,
				E419ED421C1C6AAA00164E25 /* Main.storyboard in Resources */,
				E43CA1021C8FC5180051139B /* site23a.jpg in Resources */,
				E40C91A41CA1665500F40EF5 /* site9a_tn.png in Resources */,
				E43CA1041C8FC5180051139B /* site24b.jpg in Resources */,
				E43CA0EC1C8FC5180051139B /* site7a.jpg in Resources */,
				E43CA0FA1C8FC5180051139B /* site17a.jpg in Resources */,
				E43CA0FC1C8FC5180051139B /* site19a.jpg in Resources */,
				E40C919C1CA1665500F40EF5 /* site5a_tn.png in Resources */,
				E40C91751CA1665500F40EF5 /* site15a_tn@2x.png in Resources */,
				E40C91801CA1665500F40EF5 /* site20a_tn.png in Resources */,
				E40C919A1CA1665500F40EF5 /* site4a_tn.png in Resources */,
			);
			runOnlyForDeploymentPostprocessing = 0;
		};
/* End PBXResourcesBuildPhase section */

/* Begin PBXSourcesBuildPhase section */
		E419ED331C1C6AAA00164E25 /* Sources */ = {
			isa = PBXSourcesBuildPhase;
			buildActionMask = 2147483647;
			files = (
				E442584E1C27979B0041A5B4 /* PictureContentViewController.swift in Sources */,
				E4624FCC1C30C76A003023A1 /* MapSplitViewController.swift in Sources */,
				E411EC171C49879A0081AB9B /* CottontownTabBarController.swift in Sources */,
				E4624FD21C3231C8003023A1 /* MapPageViewController.swift in Sources */,
				E45F21731C46F10D00A9E743 /* ContentImage.swift in Sources */,
				E4624FD41C323354003023A1 /* MapViewController.swift in Sources */,
				E419ED3D1C1C6AAA00164E25 /* StopsTableViewController.swift in Sources */,
				E419ED3B1C1C6AAA00164E25 /* AppDelegate.swift in Sources */,
				E419ED511C1CD14100164E25 /* StopCell.swift in Sources */,
				E4624FCE1C3213C6003023A1 /* StopsModel.swift in Sources */,
				E463AD1E1C8A62F900B68973 /* YTPlayerView.m in Sources */,
				E44258501C2798640041A5B4 /* StopPageViewController.swift in Sources */,
				E411EC1B1C49CBE20081AB9B /* StopsSplitViewController.swift in Sources */,
				E463ACD51C89F12D00B68973 /* YouTubeContentViewController.swift in Sources */,
				E472B5F61C87C463003FFBCA /* WebViewController.swift in Sources */,
				E45BA7601C38C20900454CF7 /* StopAnnotation.swift in Sources */,
				E411EC211C4B29200081AB9B /* Notificatons.swift in Sources */,
				E44258521C2A2BEF0041A5B4 /* Stop.swift in Sources */,
				E4D8E82C1C83146700A17BB2 /* Protocols.swift in Sources */,
			);
			runOnlyForDeploymentPostprocessing = 0;
		};
/* End PBXSourcesBuildPhase section */

/* Begin PBXVariantGroup section */
		E419ED401C1C6AAA00164E25 /* Main.storyboard */ = {
			isa = PBXVariantGroup;
			children = (
				E419ED411C1C6AAA00164E25 /* Base */,
				E45BA7711C3957C900454CF7 /* es */,
			);
			name = Main.storyboard;
			sourceTree = "<group>";
		};
		E419ED451C1C6AAA00164E25 /* LaunchScreen.storyboard */ = {
			isa = PBXVariantGroup;
			children = (
				E419ED461C1C6AAA00164E25 /* Base */,
				E45BA7721C3957C900454CF7 /* es */,
			);
			name = LaunchScreen.storyboard;
			sourceTree = "<group>";
		};
/* End PBXVariantGroup section */

/* Begin XCBuildConfiguration section */
		E419ED491C1C6AAA00164E25 /* Debug */ = {
			isa = XCBuildConfiguration;
			buildSettings = {
				ALWAYS_SEARCH_USER_PATHS = NO;
				CLANG_CXX_LANGUAGE_STANDARD = "gnu++0x";
				CLANG_CXX_LIBRARY = "libc++";
				CLANG_ENABLE_MODULES = YES;
				CLANG_ENABLE_OBJC_ARC = YES;
				CLANG_WARN_BOOL_CONVERSION = YES;
				CLANG_WARN_CONSTANT_CONVERSION = YES;
				CLANG_WARN_DIRECT_OBJC_ISA_USAGE = YES_ERROR;
				CLANG_WARN_EMPTY_BODY = YES;
				CLANG_WARN_ENUM_CONVERSION = YES;
				CLANG_WARN_INT_CONVERSION = YES;
				CLANG_WARN_OBJC_ROOT_CLASS = YES_ERROR;
				CLANG_WARN_UNREACHABLE_CODE = YES;
				CLANG_WARN__DUPLICATE_METHOD_MATCH = YES;
				"CODE_SIGN_IDENTITY[sdk=iphoneos*]" = "iPhone Developer";
				COPY_PHASE_STRIP = NO;
				DEBUG_INFORMATION_FORMAT = dwarf;
				ENABLE_STRICT_OBJC_MSGSEND = YES;
				ENABLE_TESTABILITY = YES;
				GCC_C_LANGUAGE_STANDARD = gnu99;
				GCC_DYNAMIC_NO_PIC = NO;
				GCC_NO_COMMON_BLOCKS = YES;
				GCC_OPTIMIZATION_LEVEL = 0;
				GCC_PREPROCESSOR_DEFINITIONS = (
					"DEBUG=1",
					"$(inherited)",
				);
				GCC_WARN_64_TO_32_BIT_CONVERSION = YES;
				GCC_WARN_ABOUT_RETURN_TYPE = YES_ERROR;
				GCC_WARN_UNDECLARED_SELECTOR = YES;
				GCC_WARN_UNINITIALIZED_AUTOS = YES_AGGRESSIVE;
				GCC_WARN_UNUSED_FUNCTION = YES;
				GCC_WARN_UNUSED_VARIABLE = YES;
				IPHONEOS_DEPLOYMENT_TARGET = 9.0;
				MTL_ENABLE_DEBUG_INFO = YES;
				ONLY_ACTIVE_ARCH = YES;
				SDKROOT = iphoneos;
				SWIFT_OPTIMIZATION_LEVEL = "-Onone";
				TARGETED_DEVICE_FAMILY = "1,2";
			};
			name = Debug;
		};
		E419ED4A1C1C6AAA00164E25 /* Release */ = {
			isa = XCBuildConfiguration;
			buildSettings = {
				ALWAYS_SEARCH_USER_PATHS = NO;
				CLANG_CXX_LANGUAGE_STANDARD = "gnu++0x";
				CLANG_CXX_LIBRARY = "libc++";
				CLANG_ENABLE_MODULES = YES;
				CLANG_ENABLE_OBJC_ARC = YES;
				CLANG_WARN_BOOL_CONVERSION = YES;
				CLANG_WARN_CONSTANT_CONVERSION = YES;
				CLANG_WARN_DIRECT_OBJC_ISA_USAGE = YES_ERROR;
				CLANG_WARN_EMPTY_BODY = YES;
				CLANG_WARN_ENUM_CONVERSION = YES;
				CLANG_WARN_INT_CONVERSION = YES;
				CLANG_WARN_OBJC_ROOT_CLASS = YES_ERROR;
				CLANG_WARN_UNREACHABLE_CODE = YES;
				CLANG_WARN__DUPLICATE_METHOD_MATCH = YES;
				"CODE_SIGN_IDENTITY[sdk=iphoneos*]" = "iPhone Developer";
				COPY_PHASE_STRIP = NO;
				DEBUG_INFORMATION_FORMAT = "dwarf-with-dsym";
				ENABLE_NS_ASSERTIONS = NO;
				ENABLE_STRICT_OBJC_MSGSEND = YES;
				GCC_C_LANGUAGE_STANDARD = gnu99;
				GCC_NO_COMMON_BLOCKS = YES;
				GCC_WARN_64_TO_32_BIT_CONVERSION = YES;
				GCC_WARN_ABOUT_RETURN_TYPE = YES_ERROR;
				GCC_WARN_UNDECLARED_SELECTOR = YES;
				GCC_WARN_UNINITIALIZED_AUTOS = YES_AGGRESSIVE;
				GCC_WARN_UNUSED_FUNCTION = YES;
				GCC_WARN_UNUSED_VARIABLE = YES;
				IPHONEOS_DEPLOYMENT_TARGET = 9.0;
				MTL_ENABLE_DEBUG_INFO = NO;
				SDKROOT = iphoneos;
				TARGETED_DEVICE_FAMILY = "1,2";
				VALIDATE_PRODUCT = YES;
			};
			name = Release;
		};
		E419ED4C1C1C6AAA00164E25 /* Debug */ = {
			isa = XCBuildConfiguration;
			buildSettings = {
				ASSETCATALOG_COMPILER_APPICON_NAME = AppIcon;
				CLANG_ENABLE_MODULES = YES;
				CODE_SIGN_IDENTITY = "iPhone Developer";
				"CODE_SIGN_IDENTITY[sdk=iphoneos*]" = "iPhone Developer";
				DEBUG_INFORMATION_FORMAT = "dwarf-with-dsym";
				FRAMEWORK_SEARCH_PATHS = (
					"$(inherited)",
					"$(PROJECT_DIR)",
				);
				"FRAMEWORK_SEARCH_PATHS[arch=*]" = (
					"$(inherited)",
					"\"$(SYSTEM_APPS_DIR)/Reveal.app/Contents/SharedSupport/iOS-Libraries\"",
				);
				INFOPLIST_FILE = Cottontown/Info.plist;
				IPHONEOS_DEPLOYMENT_TARGET = 9.0;
				LD_RUNPATH_SEARCH_PATHS = "$(inherited) @executable_path/Frameworks";
				"OTHER_LDFLAGS[arch=*]" = (
					"-ObjC",
					"-lz",
					"-framework",
					Reveal,
				);
				PRODUCT_BUNDLE_IDENTIFIER = com.hildrethus.Cottontown;
				PRODUCT_NAME = "$(TARGET_NAME)";
				PROVISIONING_PROFILE = "53e435ab-bf89-48fa-a9c1-4fe8db71b4f3";
				"SWIFT_OBJC_BRIDGING_HEADER[arch=*]" = "Cottontown-Bridging-Header.h";
				SWIFT_OPTIMIZATION_LEVEL = "-Onone";
				TARGETED_DEVICE_FAMILY = "1,2";
			};
			name = Debug;
		};
		E419ED4D1C1C6AAA00164E25 /* Release */ = {
			isa = XCBuildConfiguration;
			buildSettings = {
				ASSETCATALOG_COMPILER_APPICON_NAME = AppIcon;
				CLANG_ENABLE_MODULES = YES;
				CODE_SIGN_IDENTITY = "iPhone Developer";
				"CODE_SIGN_IDENTITY[sdk=iphoneos*]" = "iPhone Developer";
				FRAMEWORK_SEARCH_PATHS = (
					"$(inherited)",
					"$(PROJECT_DIR)",
				);
				INFOPLIST_FILE = Cottontown/Info.plist;
				IPHONEOS_DEPLOYMENT_TARGET = 9.0;
				LD_RUNPATH_SEARCH_PATHS = "$(inherited) @executable_path/Frameworks";
				PRODUCT_BUNDLE_IDENTIFIER = com.hildrethus.Cottontown;
				PRODUCT_NAME = "$(TARGET_NAME)";
				PROVISIONING_PROFILE = "";
				TARGETED_DEVICE_FAMILY = "1,2";
			};
			name = Release;
		};
/* End XCBuildConfiguration section */

/* Begin XCConfigurationList section */
		E419ED321C1C6AAA00164E25 /* Build configuration list for PBXProject "Cottontown" */ = {
			isa = XCConfigurationList;
			buildConfigurations = (
				E419ED491C1C6AAA00164E25 /* Debug */,
				E419ED4A1C1C6AAA00164E25 /* Release */,
			);
			defaultConfigurationIsVisible = 0;
			defaultConfigurationName = Release;
		};
		E419ED4B1C1C6AAA00164E25 /* Build configuration list for PBXNativeTarget "Cottontown" */ = {
			isa = XCConfigurationList;
			buildConfigurations = (
				E419ED4C1C1C6AAA00164E25 /* Debug */,
				E419ED4D1C1C6AAA00164E25 /* Release */,
			);
			defaultConfigurationIsVisible = 0;
			defaultConfigurationName = Release;
		};
/* End XCConfigurationList section */
	};
	rootObject = E419ED2F1C1C6AAA00164E25 /* Project object */;
}
